// !$*UTF8*$!
{
	archiveVersion = 1;
	classes = {
	};
	objectVersion = 48;
	objects = {

/* Begin PBXBuildFile section */
		4C9B318321C610C800792F1C /* Extensions.swift in Sources */ = {isa = PBXBuildFile; fileRef = 4C9B318221C610C800792F1C /* Extensions.swift */; };
		4C9B318521C6146600792F1C /* GameTheme.swift in Sources */ = {isa = PBXBuildFile; fileRef = 4C9B318421C6146600792F1C /* GameTheme.swift */; };
		4C9B318721C6149300792F1C /* GameOrder.swift in Sources */ = {isa = PBXBuildFile; fileRef = 4C9B318621C6149300792F1C /* GameOrder.swift */; };
		829F01E221B3631D00857137 /* AppDelegate.swift in Sources */ = {isa = PBXBuildFile; fileRef = 829F01E121B3631D00857137 /* AppDelegate.swift */; };
		829F01E421B3631D00857137 /* ViewController.swift in Sources */ = {isa = PBXBuildFile; fileRef = 829F01E321B3631D00857137 /* ViewController.swift */; };
		829F01E721B3631D00857137 /* Main.storyboard in Resources */ = {isa = PBXBuildFile; fileRef = 829F01E521B3631D00857137 /* Main.storyboard */; };
		829F01E921B3631D00857137 /* Assets.xcassets in Resources */ = {isa = PBXBuildFile; fileRef = 829F01E821B3631D00857137 /* Assets.xcassets */; };
		829F01EC21B3631D00857137 /* LaunchScreen.storyboard in Resources */ = {isa = PBXBuildFile; fileRef = 829F01EA21B3631D00857137 /* LaunchScreen.storyboard */; };
		829F01F521B37C9100857137 /* Concentration.swift in Sources */ = {isa = PBXBuildFile; fileRef = 829F01F421B37C9000857137 /* Concentration.swift */; };
		829F01F721B37E9500857137 /* Card.swift in Sources */ = {isa = PBXBuildFile; fileRef = 829F01F621B37E9500857137 /* Card.swift */; };
/* End PBXBuildFile section */

/* Begin PBXFileReference section */
		4C9B318221C610C800792F1C /* Extensions.swift */ = {isa = PBXFileReference; lastKnownFileType = sourcecode.swift; path = Extensions.swift; sourceTree = "<group>"; };
		4C9B318421C6146600792F1C /* GameTheme.swift */ = {isa = PBXFileReference; lastKnownFileType = sourcecode.swift; path = GameTheme.swift; sourceTree = "<group>"; };
		4C9B318621C6149300792F1C /* GameOrder.swift */ = {isa = PBXFileReference; lastKnownFileType = sourcecode.swift; path = GameOrder.swift; sourceTree = "<group>"; };
		829F01DE21B3631D00857137 /* Concentration.app */ = {isa = PBXFileReference; explicitFileType = wrapper.application; includeInIndex = 0; path = Concentration.app; sourceTree = BUILT_PRODUCTS_DIR; };
		829F01E121B3631D00857137 /* AppDelegate.swift */ = {isa = PBXFileReference; lastKnownFileType = sourcecode.swift; path = AppDelegate.swift; sourceTree = "<group>"; };
		829F01E321B3631D00857137 /* ViewController.swift */ = {isa = PBXFileReference; lastKnownFileType = sourcecode.swift; path = ViewController.swift; sourceTree = "<group>"; };
		829F01E621B3631D00857137 /* Base */ = {isa = PBXFileReference; lastKnownFileType = file.storyboard; name = Base; path = Base.lproj/Main.storyboard; sourceTree = "<group>"; };
		829F01E821B3631D00857137 /* Assets.xcassets */ = {isa = PBXFileReference; lastKnownFileType = folder.assetcatalog; path = Assets.xcassets; sourceTree = "<group>"; };
		829F01EB21B3631D00857137 /* Base */ = {isa = PBXFileReference; lastKnownFileType = file.storyboard; name = Base; path = Base.lproj/LaunchScreen.storyboard; sourceTree = "<group>"; };
		829F01ED21B3631D00857137 /* Info.plist */ = {isa = PBXFileReference; lastKnownFileType = text.plist.xml; path = Info.plist; sourceTree = "<group>"; };
		829F01F421B37C9000857137 /* Concentration.swift */ = {isa = PBXFileReference; lastKnownFileType = sourcecode.swift; path = Concentration.swift; sourceTree = "<group>"; };
		829F01F621B37E9500857137 /* Card.swift */ = {isa = PBXFileReference; lastKnownFileType = sourcecode.swift; path = Card.swift; sourceTree = "<group>"; };
/* End PBXFileReference section */

/* Begin PBXFrameworksBuildPhase section */
		829F01DB21B3631D00857137 /* Frameworks */ = {
			isa = PBXFrameworksBuildPhase;
			buildActionMask = 2147483647;
			files = (
			);
			runOnlyForDeploymentPostprocessing = 0;
		};
/* End PBXFrameworksBuildPhase section */

/* Begin PBXGroup section */
		829F01D521B3631C00857137 = {
			isa = PBXGroup;
			children = (
				829F01E021B3631D00857137 /* Concentration */,
				829F01DF21B3631D00857137 /* Products */,
			);
			sourceTree = "<group>";
		};
		829F01DF21B3631D00857137 /* Products */ = {
			isa = PBXGroup;
			children = (
				829F01DE21B3631D00857137 /* Concentration.app */,
			);
			name = Products;
			sourceTree = "<group>";
		};
		829F01E021B3631D00857137 /* Concentration */ = {
			isa = PBXGroup;
			children = (
				829F01ED21B3631D00857137 /* Info.plist */,
				829F01E521B3631D00857137 /* Main.storyboard */,
				829F01F421B37C9000857137 /* Concentration.swift */,
				829F01E321B3631D00857137 /* ViewController.swift */,
				4C9B318421C6146600792F1C /* GameTheme.swift */,
				4C9B318621C6149300792F1C /* GameOrder.swift */,
				829F01F621B37E9500857137 /* Card.swift */,
				4C9B318221C610C800792F1C /* Extensions.swift */,
				829F01F321B3643B00857137 /* Supporting Files */,
			);
			path = Concentration;
			sourceTree = "<group>";
		};
		829F01F321B3643B00857137 /* Supporting Files */ = {
			isa = PBXGroup;
			children = (
				829F01E121B3631D00857137 /* AppDelegate.swift */,
				829F01E821B3631D00857137 /* Assets.xcassets */,
				829F01EA21B3631D00857137 /* LaunchScreen.storyboard */,
			);
			path = "Supporting Files";
			sourceTree = "<group>";
		};
/* End PBXGroup section */

/* Begin PBXNativeTarget section */
		829F01DD21B3631D00857137 /* Concentration */ = {
			isa = PBXNativeTarget;
			buildConfigurationList = 829F01F021B3631D00857137 /* Build configuration list for PBXNativeTarget "Concentration" */;
			buildPhases = (
				829F01DA21B3631D00857137 /* Sources */,
				829F01DB21B3631D00857137 /* Frameworks */,
				829F01DC21B3631D00857137 /* Resources */,
			);
			buildRules = (
			);
			dependencies = (
			);
			name = Concentration;
			productName = Concentration;
			productReference = 829F01DE21B3631D00857137 /* Concentration.app */;
			productType = "com.apple.product-type.application";
		};
/* End PBXNativeTarget section */

/* Begin PBXProject section */
		829F01D621B3631C00857137 /* Project object */ = {
			isa = PBXProject;
			attributes = {
				LastSwiftUpdateCheck = 0920;
				LastUpgradeCheck = 1010;
				ORGANIZATIONNAME = Lixin;
				TargetAttributes = {
					829F01DD21B3631D00857137 = {
						CreatedOnToolsVersion = 9.2;
						ProvisioningStyle = Automatic;
					};
				};
			};
			buildConfigurationList = 829F01D921B3631C00857137 /* Build configuration list for PBXProject "Concentration" */;
			compatibilityVersion = "Xcode 8.0";
			developmentRegion = en;
			hasScannedForEncodings = 0;
			knownRegions = (
				en,
				Base,
			);
			mainGroup = 829F01D521B3631C00857137;
			productRefGroup = 829F01DF21B3631D00857137 /* Products */;
			projectDirPath = "";
			projectRoot = "";
			targets = (
				829F01DD21B3631D00857137 /* Concentration */,
			);
		};
/* End PBXProject section */

/* Begin PBXResourcesBuildPhase section */
		829F01DC21B3631D00857137 /* Resources */ = {
			isa = PBXResourcesBuildPhase;
			buildActionMask = 2147483647;
			files = (
				829F01EC21B3631D00857137 /* LaunchScreen.storyboard in Resources */,
				829F01E921B3631D00857137 /* Assets.xcassets in Resources */,
				829F01E721B3631D00857137 /* Main.storyboard in Resources */,
			);
			runOnlyForDeploymentPostprocessing = 0;
		};
/* End PBXResourcesBuildPhase section */

/* Begin PBXSourcesBuildPhase section */
		829F01DA21B3631D00857137 /* Sources */ = {
			isa = PBXSourcesBuildPhase;
			buildActionMask = 2147483647;
			files = (
				4C9B318321C610C800792F1C /* Extensions.swift in Sources */,
				4C9B318521C6146600792F1C /* GameTheme.swift in Sources */,
				829F01E421B3631D00857137 /* ViewController.swift in Sources */,
				829F01E221B3631D00857137 /* AppDelegate.swift in Sources */,
				829F01F521B37C9100857137 /* Concentration.swift in Sources */,
				4C9B318721C6149300792F1C /* GameOrder.swift in Sources */,
				829F01F721B37E9500857137 /* Card.swift in Sources */,
			);
			runOnlyForDeploymentPostprocessing = 0;
		};
/* End PBXSourcesBuildPhase section */

/* Begin PBXVariantGroup section */
		829F01E521B3631D00857137 /* Main.storyboard */ = {
			isa = PBXVariantGroup;
			children = (
				829F01E621B3631D00857137 /* Base */,
			);
			name = Main.storyboard;
			sourceTree = "<group>";
		};
		829F01EA21B3631D00857137 /* LaunchScreen.storyboard */ = {
			isa = PBXVariantGroup;
			children = (
				829F01EB21B3631D00857137 /* Base */,
			);
			name = LaunchScreen.storyboard;
			sourceTree = "<group>";
		};
/* End PBXVariantGroup section */

/* Begin XCBuildConfiguration section */
		829F01EE21B3631D00857137 /* Debug */ = {
			isa = XCBuildConfiguration;
			buildSettings = {
				ALWAYS_SEARCH_USER_PATHS = NO;
				CLANG_ANALYZER_NONNULL = YES;
				CLANG_ANALYZER_NUMBER_OBJECT_CONVERSION = YES_AGGRESSIVE;
				CLANG_CXX_LANGUAGE_STANDARD = "gnu++14";
				CLANG_CXX_LIBRARY = "libc++";
				CLANG_ENABLE_MODULES = YES;
				CLANG_ENABLE_OBJC_ARC = YES;
				CLANG_WARN_BLOCK_CAPTURE_AUTORELEASING = YES;
				CLANG_WARN_BOOL_CONVERSION = YES;
				CLANG_WARN_COMMA = YES;
				CLANG_WARN_CONSTANT_CONVERSION = YES;
				CLANG_WARN_DEPRECATED_OBJC_IMPLEMENTATIONS = YES;
				CLANG_WARN_DIRECT_OBJC_ISA_USAGE = YES_ERROR;
				CLANG_WARN_DOCUMENTATION_COMMENTS = YES;
				CLANG_WARN_EMPTY_BODY = YES;
				CLANG_WARN_ENUM_CONVERSION = YES;
				CLANG_WARN_INFINITE_RECURSION = YES;
				CLANG_WARN_INT_CONVERSION = YES;
				CLANG_WARN_NON_LITERAL_NULL_CONVERSION = YES;
				CLANG_WARN_OBJC_IMPLICIT_RETAIN_SELF = YES;
				CLANG_WARN_OBJC_LITERAL_CONVERSION = YES;
				CLANG_WARN_OBJC_ROOT_CLASS = YES_ERROR;
				CLANG_WARN_RANGE_LOOP_ANALYSIS = YES;
				CLANG_WARN_STRICT_PROTOTYPES = YES;
				CLANG_WARN_SUSPICIOUS_MOVE = YES;
				CLANG_WARN_UNGUARDED_AVAILABILITY = YES_AGGRESSIVE;
				CLANG_WARN_UNREACHABLE_CODE = YES;
				CLANG_WARN__DUPLICATE_METHOD_MATCH = YES;
				CODE_SIGN_IDENTITY = "iPhone Developer";
				COPY_PHASE_STRIP = NO;
				DEBUG_INFORMATION_FORMAT = dwarf;
				ENABLE_STRICT_OBJC_MSGSEND = YES;
				ENABLE_TESTABILITY = YES;
				GCC_C_LANGUAGE_STANDARD = gnu11;
				GCC_DYNAMIC_NO_PIC = NO;
				GCC_NO_COMMON_BLOCKS = YES;
				GCC_OPTIMIZATION_LEVEL = 0;
				GCC_PREPROCESSOR_DEFINITIONS = (
					"DEBUG=1",
					"$(inherited)",
				);
				GCC_WARN_64_TO_32_BIT_CONVERSION = YES;
				GCC_WARN_ABOUT_RETURN_TYPE = YES_ERROR;
				GCC_WARN_UNDECLARED_SELECTOR = YES;
				GCC_WARN_UNINITIALIZED_AUTOS = YES_AGGRESSIVE;
				GCC_WARN_UNUSED_FUNCTION = YES;
				GCC_WARN_UNUSED_VARIABLE = YES;
				IPHONEOS_DEPLOYMENT_TARGET = 11.2;
				MTL_ENABLE_DEBUG_INFO = YES;
				ONLY_ACTIVE_ARCH = YES;
				SDKROOT = iphoneos;
				SWIFT_ACTIVE_COMPILATION_CONDITIONS = DEBUG;
				SWIFT_OPTIMIZATION_LEVEL = "-Onone";
			};
			name = Debug;
		};
		829F01EF21B3631D00857137 /* Release */ = {
			isa = XCBuildConfiguration;
			buildSettings = {
				ALWAYS_SEARCH_USER_PATHS = NO;
				CLANG_ANALYZER_NONNULL = YES;
				CLANG_ANALYZER_NUMBER_OBJECT_CONVERSION = YES_AGGRESSIVE;
				CLANG_CXX_LANGUAGE_STANDARD = "gnu++14";
				CLANG_CXX_LIBRARY = "libc++";
				CLANG_ENABLE_MODULES = YES;
				CLANG_ENABLE_OBJC_ARC = YES;
				CLANG_WARN_BLOCK_CAPTURE_AUTORELEASING = YES;
				CLANG_WARN_BOOL_CONVERSION = YES;
				CLANG_WARN_COMMA = YES;
				CLANG_WARN_CONSTANT_CONVERSION = YES;
				CLANG_WARN_DEPRECATED_OBJC_IMPLEMENTATIONS = YES;
				CLANG_WARN_DIRECT_OBJC_ISA_USAGE = YES_ERROR;
				CLANG_WARN_DOCUMENTATION_COMMENTS = YES;
				CLANG_WARN_EMPTY_BODY = YES;
				CLANG_WARN_ENUM_CONVERSION = YES;
				CLANG_WARN_INFINITE_RECURSION = YES;
				CLANG_WARN_INT_CONVERSION = YES;
				CLANG_WARN_NON_LITERAL_NULL_CONVERSION = YES;
				CLANG_WARN_OBJC_IMPLICIT_RETAIN_SELF = YES;
				CLANG_WARN_OBJC_LITERAL_CONVERSION = YES;
				CLANG_WARN_OBJC_ROOT_CLASS = YES_ERROR;
				CLANG_WARN_RANGE_LOOP_ANALYSIS = YES;
				CLANG_WARN_STRICT_PROTOTYPES = YES;
				CLANG_WARN_SUSPICIOUS_MOVE = YES;
				CLANG_WARN_UNGUARDED_AVAILABILITY = YES_AGGRESSIVE;
				CLANG_WARN_UNREACHABLE_CODE = YES;
				CLANG_WARN__DUPLICATE_METHOD_MATCH = YES;
				CODE_SIGN_IDENTITY = "iPhone Developer";
				COPY_PHASE_STRIP = NO;
				DEBUG_INFORMATION_FORMAT = "dwarf-with-dsym";
				ENABLE_NS_ASSERTIONS = NO;
				ENABLE_STRICT_OBJC_MSGSEND = YES;
				GCC_C_LANGUAGE_STANDARD = gnu11;
				GCC_NO_COMMON_BLOCKS = YES;
				GCC_WARN_64_TO_32_BIT_CONVERSION = YES;
				GCC_WARN_ABOUT_RETURN_TYPE = YES_ERROR;
				GCC_WARN_UNDECLARED_SELECTOR = YES;
				GCC_WARN_UNINITIALIZED_AUTOS = YES_AGGRESSIVE;
				GCC_WARN_UNUSED_FUNCTION = YES;
				GCC_WARN_UNUSED_VARIABLE = YES;
				IPHONEOS_DEPLOYMENT_TARGET = 11.2;
				MTL_ENABLE_DEBUG_INFO = NO;
				SDKROOT = iphoneos;
				SWIFT_OPTIMIZATION_LEVEL = "-Owholemodule";
				VALIDATE_PRODUCT = YES;
			};
			name = Release;
		};
		829F01F121B3631D00857137 /* Debug */ = {
			isa = XCBuildConfiguration;
			buildSettings = {
				ASSETCATALOG_COMPILER_APPICON_NAME = AppIcon;
				CODE_SIGN_STYLE = Automatic;
				DEVELOPMENT_TEAM = 98482NNU8L;
				INFOPLIST_FILE = Concentration/Info.plist;
				LD_RUNPATH_SEARCH_PATHS = "$(inherited) @executable_path/Frameworks";
				PRODUCT_BUNDLE_IDENTIFIER = "com.hehuan.Concentration-douzi";
				PRODUCT_NAME = "$(TARGET_NAME)";
				SWIFT_VERSION = 4.0;
				TARGETED_DEVICE_FAMILY = "1,2";
			};
			name = Debug;
		};
		829F01F221B3631D00857137 /* Release */ = {
			isa = XCBuildConfiguration;
			buildSettings = {
				ASSETCATALOG_COMPILER_APPICON_NAME = AppIcon;
				CODE_SIGN_STYLE = Automatic;
				DEVELOPMENT_TEAM = 98482NNU8L;
				INFOPLIST_FILE = Concentration/Info.plist;
				LD_RUNPATH_SEARCH_PATHS = "$(inherited) @executable_path/Frameworks";
				PRODUCT_BUNDLE_IDENTIFIER = "com.hehuan.Concentration-douzi";
				PRODUCT_NAME = "$(TARGET_NAME)";
				SWIFT_VERSION = 4.0;
				TARGETED_DEVICE_FAMILY = "1,2";
			};
			name = Release;
		};
/* End XCBuildConfiguration section */

/* Begin XCConfigurationList section */
		829F01D921B3631C00857137 /* Build configuration list for PBXProject "Concentration" */ = {
			isa = XCConfigurationList;
			buildConfigurations = (
				829F01EE21B3631D00857137 /* Debug */,
				829F01EF21B3631D00857137 /* Release */,
			);
			defaultConfigurationIsVisible = 0;
			defaultConfigurationName = Release;
		};
		829F01F021B3631D00857137 /* Build configuration list for PBXNativeTarget "Concentration" */ = {
			isa = XCConfigurationList;
			buildConfigurations = (
				829F01F121B3631D00857137 /* Debug */,
				829F01F221B3631D00857137 /* Release */,
			);
			defaultConfigurationIsVisible = 0;
			defaultConfigurationName = Release;
		};
/* End XCConfigurationList section */
	};
	rootObject = 829F01D621B3631C00857137 /* Project object */;
}
